
Microsoft Visual Studio Solution File, Format Version 12.00
# Visual Studio Version 16
VisualStudioVersion = 16.0.29509.3
MinimumVisualStudioVersion = 10.0.40219.1
Project("{888888A0-9F3D-457C-B088-3A5042F75D52}") = "wss", "wss.pyproj", "{953C53CC-9BFA-46DA-A847-7BD24823BC06}"
EndProject
Global
	GlobalSection(SolutionConfigurationPlatforms) = preSolution
		Debug|Any CPU = Debug|Any CPU
		Release|Any CPU = Release|Any CPU
	EndGlobalSection
	GlobalSection(ProjectConfigurationPlatforms) = postSolution
		{953C53CC-9BFA-46DA-A847-7BD24823BC06}.Debug|Any CPU.ActiveCfg = Debug|Any CPU
		{953C53CC-9BFA-46DA-A847-7BD24823BC06}.Release|Any CPU.ActiveCfg = Release|Any CPU
	EndGlobalSection
	GlobalSection(SolutionProperties) = preSolution
		HideSolutionNode = FALSE
	EndGlobalSection
	GlobalSection(ExtensibilityGlobals) = postSolution
		SolutionGuid = {14CD397E-6FC5-4B9F-A731-91B57569BB9D}
	EndGlobalSection
EndGlobal
